// !$*UTF8*$!
{
	archiveVersion = 1;
	classes = {
	};
	objectVersion = 46;
	objects = {

/* Begin PBXBuildFile section */
		A306673721A49F6500378032 /* SearchTests.swift in Sources */ = {isa = PBXBuildFile; fileRef = OBJ_23 /* SearchTests.swift */; };
		A306673821A49F6500378032 /* SearchTests.swift in Sources */ = {isa = PBXBuildFile; fileRef = OBJ_23 /* SearchTests.swift */; };
		A306673C21A4A90E00378032 /* Document.swift in Sources */ = {isa = PBXBuildFile; fileRef = OBJ_13 /* Document.swift */; };
		A306673D21A4A91000378032 /* Tag.swift in Sources */ = {isa = PBXBuildFile; fileRef = OBJ_14 /* Tag.swift */; };
		A306673E21A4A91500378032 /* Logging.swift in Sources */ = {isa = PBXBuildFile; fileRef = OBJ_16 /* Logging.swift */; };
		A306673F21A4A91800378032 /* StringExtensions.swift in Sources */ = {isa = PBXBuildFile; fileRef = OBJ_17 /* StringExtensions.swift */; };
		A306674021A4A91B00378032 /* DateParser.swift in Sources */ = {isa = PBXBuildFile; fileRef = A352A11921A481AF001DEAC7 /* DateParser.swift */; };
		A306674121A4A91F00378032 /* Search.swift in Sources */ = {isa = PBXBuildFile; fileRef = OBJ_19 /* Search.swift */; };
		A3199FD821C051B600D07553 /* DocumentManager.swift in Sources */ = {isa = PBXBuildFile; fileRef = A3199FD721C051B600D07553 /* DocumentManager.swift */; };
		A3199FD921C051BB00D07553 /* DocumentManager.swift in Sources */ = {isa = PBXBuildFile; fileRef = A3199FD721C051B600D07553 /* DocumentManager.swift */; };
		A352A11A21A481AF001DEAC7 /* DateParser.swift in Sources */ = {isa = PBXBuildFile; fileRef = A352A11921A481AF001DEAC7 /* DateParser.swift */; };
		A352A17221A48DDD001DEAC7 /* ArchiveLib.framework in Frameworks */ = {isa = PBXBuildFile; fileRef = "ArchiveLib::ArchiveLib::Product" /* ArchiveLib.framework */; };
		A352A19B21A49275001DEAC7 /* ArchiveLib.framework in Frameworks */ = {isa = PBXBuildFile; fileRef = A352A18421A491D7001DEAC7 /* ArchiveLib.framework */; };
		A394387421BD4CCF0024E2F6 /* Archive.swift in Sources */ = {isa = PBXBuildFile; fileRef = A394387321BD4CCF0024E2F6 /* Archive.swift */; };
		A394387521BD4CCF0024E2F6 /* Archive.swift in Sources */ = {isa = PBXBuildFile; fileRef = A394387321BD4CCF0024E2F6 /* Archive.swift */; };
		A3D6319921B06D3A009FE9C3 /* TagTests.swift in Sources */ = {isa = PBXBuildFile; fileRef = A3D6319821B06D3A009FE9C3 /* TagTests.swift */; };
		A3D6319A21B06D40009FE9C3 /* TagTests.swift in Sources */ = {isa = PBXBuildFile; fileRef = A3D6319821B06D3A009FE9C3 /* TagTests.swift */; };
		A3D6319C21B13FDD009FE9C3 /* DocumentTests.swift in Sources */ = {isa = PBXBuildFile; fileRef = A3D6319B21B13FDD009FE9C3 /* DocumentTests.swift */; };
		A3D6319D21B13FE6009FE9C3 /* DocumentTests.swift in Sources */ = {isa = PBXBuildFile; fileRef = A3D6319B21B13FDD009FE9C3 /* DocumentTests.swift */; };
		A3D631A021B14A9B009FE9C3 /* DateParserTests.swift in Sources */ = {isa = PBXBuildFile; fileRef = A3D6319F21B14A9B009FE9C3 /* DateParserTests.swift */; };
		A3D631A121B14A9B009FE9C3 /* DateParserTests.swift in Sources */ = {isa = PBXBuildFile; fileRef = A3D6319F21B14A9B009FE9C3 /* DateParserTests.swift */; };
		A3D631A621B1C34E009FE9C3 /* StringExtensionTests.swift in Sources */ = {isa = PBXBuildFile; fileRef = A3D631A521B1C34E009FE9C3 /* StringExtensionTests.swift */; };
		A3D631A721B1C34E009FE9C3 /* StringExtensionTests.swift in Sources */ = {isa = PBXBuildFile; fileRef = A3D631A521B1C34E009FE9C3 /* StringExtensionTests.swift */; };
		A3F3DACD21B369250004EFF6 /* UrlExtension.swift in Sources */ = {isa = PBXBuildFile; fileRef = A3F3DACC21B369250004EFF6 /* UrlExtension.swift */; };
		A3F3DACE21B369250004EFF6 /* UrlExtension.swift in Sources */ = {isa = PBXBuildFile; fileRef = A3F3DACC21B369250004EFF6 /* UrlExtension.swift */; };
		A3F3DAD221B3EE990004EFF6 /* TagManager.swift in Sources */ = {isa = PBXBuildFile; fileRef = A3F3DAD121B3EE990004EFF6 /* TagManager.swift */; };
		A3F3DAD321B3EE990004EFF6 /* TagManager.swift in Sources */ = {isa = PBXBuildFile; fileRef = A3F3DAD121B3EE990004EFF6 /* TagManager.swift */; };
		OBJ_34 /* Document.swift in Sources */ = {isa = PBXBuildFile; fileRef = OBJ_13 /* Document.swift */; };
		OBJ_35 /* Tag.swift in Sources */ = {isa = PBXBuildFile; fileRef = OBJ_14 /* Tag.swift */; };
		OBJ_36 /* Logging.swift in Sources */ = {isa = PBXBuildFile; fileRef = OBJ_16 /* Logging.swift */; };
		OBJ_37 /* StringExtensions.swift in Sources */ = {isa = PBXBuildFile; fileRef = OBJ_17 /* StringExtensions.swift */; };
		OBJ_38 /* Search.swift in Sources */ = {isa = PBXBuildFile; fileRef = OBJ_19 /* Search.swift */; };
/* End PBXBuildFile section */

/* Begin PBXContainerItemProxy section */
		A306673921A4A14300378032 /* PBXContainerItemProxy */ = {
			isa = PBXContainerItemProxy;
			containerPortal = OBJ_1 /* Project object */;
			proxyType = 1;
			remoteGlobalIDString = A352A18321A491D7001DEAC7;
			remoteInfo = "ArchiveLib-iOS";
		};
		A352A17321A48DDD001DEAC7 /* PBXContainerItemProxy */ = {
			isa = PBXContainerItemProxy;
			containerPortal = OBJ_1 /* Project object */;
			proxyType = 1;
			remoteGlobalIDString = "ArchiveLib::ArchiveLib";
			remoteInfo = "ArchiveLib-macOS";
		};
/* End PBXContainerItemProxy section */

/* Begin PBXFileReference section */
		A3199FD721C051B600D07553 /* DocumentManager.swift */ = {isa = PBXFileReference; lastKnownFileType = sourcecode.swift; path = DocumentManager.swift; sourceTree = "<group>"; };
		A352A11921A481AF001DEAC7 /* DateParser.swift */ = {isa = PBXFileReference; lastKnownFileType = sourcecode.swift; path = DateParser.swift; sourceTree = "<group>"; };
		A352A15E21A48DC0001DEAC7 /* ArchiveLib-iOS Tests.xctest */ = {isa = PBXFileReference; explicitFileType = wrapper.cfbundle; includeInIndex = 0; path = "ArchiveLib-iOS Tests.xctest"; sourceTree = BUILT_PRODUCTS_DIR; };
		A352A16221A48DC0001DEAC7 /* ArchiveLibTests.plist */ = {isa = PBXFileReference; lastKnownFileType = text.plist.xml; path = ArchiveLibTests.plist; sourceTree = "<group>"; };
		A352A16D21A48DDD001DEAC7 /* ArchiveLib-macOS Tests.xctest */ = {isa = PBXFileReference; explicitFileType = wrapper.cfbundle; includeInIndex = 0; path = "ArchiveLib-macOS Tests.xctest"; sourceTree = BUILT_PRODUCTS_DIR; };
		A352A18421A491D7001DEAC7 /* ArchiveLib.framework */ = {isa = PBXFileReference; explicitFileType = wrapper.framework; includeInIndex = 0; path = ArchiveLib.framework; sourceTree = BUILT_PRODUCTS_DIR; };
		A352A19C21A49489001DEAC7 /* ArchiveLib.plist */ = {isa = PBXFileReference; lastKnownFileType = text.plist.xml; path = ArchiveLib.plist; sourceTree = "<group>"; };
		A394387321BD4CCF0024E2F6 /* Archive.swift */ = {isa = PBXFileReference; lastKnownFileType = sourcecode.swift; path = Archive.swift; sourceTree = "<group>"; };
		A3D6319821B06D3A009FE9C3 /* TagTests.swift */ = {isa = PBXFileReference; lastKnownFileType = sourcecode.swift; path = TagTests.swift; sourceTree = "<group>"; };
		A3D6319B21B13FDD009FE9C3 /* DocumentTests.swift */ = {isa = PBXFileReference; lastKnownFileType = sourcecode.swift; path = DocumentTests.swift; sourceTree = "<group>"; };
		A3D6319F21B14A9B009FE9C3 /* DateParserTests.swift */ = {isa = PBXFileReference; lastKnownFileType = sourcecode.swift; path = DateParserTests.swift; sourceTree = "<group>"; };
		A3D631A521B1C34E009FE9C3 /* StringExtensionTests.swift */ = {isa = PBXFileReference; lastKnownFileType = sourcecode.swift; path = StringExtensionTests.swift; sourceTree = "<group>"; };
		A3F3DACC21B369250004EFF6 /* UrlExtension.swift */ = {isa = PBXFileReference; lastKnownFileType = sourcecode.swift; path = UrlExtension.swift; sourceTree = "<group>"; };
		A3F3DAD121B3EE990004EFF6 /* TagManager.swift */ = {isa = PBXFileReference; fileEncoding = 4; lastKnownFileType = sourcecode.swift; path = TagManager.swift; sourceTree = "<group>"; };
		"ArchiveLib::ArchiveLib::Product" /* ArchiveLib.framework */ = {isa = PBXFileReference; explicitFileType = wrapper.framework; path = ArchiveLib.framework; sourceTree = BUILT_PRODUCTS_DIR; };
		OBJ_13 /* Document.swift */ = {isa = PBXFileReference; lastKnownFileType = sourcecode.swift; path = Document.swift; sourceTree = "<group>"; };
		OBJ_14 /* Tag.swift */ = {isa = PBXFileReference; lastKnownFileType = sourcecode.swift; path = Tag.swift; sourceTree = "<group>"; };
		OBJ_16 /* Logging.swift */ = {isa = PBXFileReference; lastKnownFileType = sourcecode.swift; path = Logging.swift; sourceTree = "<group>"; };
		OBJ_17 /* StringExtensions.swift */ = {isa = PBXFileReference; lastKnownFileType = sourcecode.swift; path = StringExtensions.swift; sourceTree = "<group>"; };
		OBJ_19 /* Search.swift */ = {isa = PBXFileReference; lastKnownFileType = sourcecode.swift; path = Search.swift; sourceTree = "<group>"; };
		OBJ_23 /* SearchTests.swift */ = {isa = PBXFileReference; fileEncoding = 4; lastKnownFileType = sourcecode.swift; path = SearchTests.swift; sourceTree = "<group>"; };
		OBJ_6 /* Package.swift */ = {isa = PBXFileReference; explicitFileType = sourcecode.swift; path = Package.swift; sourceTree = "<group>"; };
		OBJ_8 /* Package.xcconfig */ = {isa = PBXFileReference; lastKnownFileType = text.xcconfig; path = Package.xcconfig; sourceTree = "<group>"; };
/* End PBXFileReference section */

/* Begin PBXFrameworksBuildPhase section */
		A352A15B21A48DC0001DEAC7 /* Frameworks */ = {
			isa = PBXFrameworksBuildPhase;
			buildActionMask = 2147483647;
			files = (
				A352A19B21A49275001DEAC7 /* ArchiveLib.framework in Frameworks */,
			);
			runOnlyForDeploymentPostprocessing = 0;
		};
		A352A16A21A48DDD001DEAC7 /* Frameworks */ = {
			isa = PBXFrameworksBuildPhase;
			buildActionMask = 2147483647;
			files = (
				A352A17221A48DDD001DEAC7 /* ArchiveLib.framework in Frameworks */,
			);
			runOnlyForDeploymentPostprocessing = 0;
		};
		A352A18121A491D7001DEAC7 /* Frameworks */ = {
			isa = PBXFrameworksBuildPhase;
			buildActionMask = 2147483647;
			files = (
			);
			runOnlyForDeploymentPostprocessing = 0;
		};
		OBJ_39 /* Frameworks */ = {
			isa = PBXFrameworksBuildPhase;
			buildActionMask = 0;
			files = (
			);
			runOnlyForDeploymentPostprocessing = 0;
		};
/* End PBXFrameworksBuildPhase section */

/* Begin PBXGroup section */
		A352A17821A48EC4001DEAC7 /* Configs */ = {
			isa = PBXGroup;
			children = (
				A352A19C21A49489001DEAC7 /* ArchiveLib.plist */,
				A352A16221A48DC0001DEAC7 /* ArchiveLibTests.plist */,
				OBJ_8 /* Package.xcconfig */,
			);
			path = Configs;
			sourceTree = "<group>";
		};
		OBJ_10 /* ArchiveLib */ = {
			isa = PBXGroup;
			children = (
				OBJ_12 /* Models */,
				OBJ_15 /* Helpers */,
				OBJ_18 /* Protocols */,
			);
			name = ArchiveLib;
			path = Sources/ArchiveLib;
			sourceTree = SOURCE_ROOT;
		};
		OBJ_12 /* Models */ = {
			isa = PBXGroup;
			children = (
				A394387321BD4CCF0024E2F6 /* Archive.swift */,
				OBJ_13 /* Document.swift */,
				OBJ_14 /* Tag.swift */,
				A3F3DAD121B3EE990004EFF6 /* TagManager.swift */,
				A3199FD721C051B600D07553 /* DocumentManager.swift */,
			);
			path = Models;
			sourceTree = "<group>";
		};
		OBJ_15 /* Helpers */ = {
			isa = PBXGroup;
			children = (
				OBJ_16 /* Logging.swift */,
				OBJ_17 /* StringExtensions.swift */,
				A352A11921A481AF001DEAC7 /* DateParser.swift */,
				A3F3DACC21B369250004EFF6 /* UrlExtension.swift */,
			);
			path = Helpers;
			sourceTree = "<group>";
		};
		OBJ_18 /* Protocols */ = {
			isa = PBXGroup;
			children = (
				OBJ_19 /* Search.swift */,
			);
			path = Protocols;
			sourceTree = "<group>";
		};
		OBJ_20 /* Tests */ = {
			isa = PBXGroup;
			children = (
				OBJ_21 /* ArchiveLibTests */,
			);
			name = Tests;
			sourceTree = SOURCE_ROOT;
		};
		OBJ_21 /* ArchiveLibTests */ = {
			isa = PBXGroup;
			children = (
				A3D6319B21B13FDD009FE9C3 /* DocumentTests.swift */,
				A3D6319821B06D3A009FE9C3 /* TagTests.swift */,
				A3D631A521B1C34E009FE9C3 /* StringExtensionTests.swift */,
				A3D6319F21B14A9B009FE9C3 /* DateParserTests.swift */,
				OBJ_23 /* SearchTests.swift */,
			);
			name = ArchiveLibTests;
			path = Tests/ArchiveLibTests;
			sourceTree = SOURCE_ROOT;
		};
		OBJ_25 /* Products */ = {
			isa = PBXGroup;
			children = (
				"ArchiveLib::ArchiveLib::Product" /* ArchiveLib.framework */,
				A352A15E21A48DC0001DEAC7 /* ArchiveLib-iOS Tests.xctest */,
				A352A16D21A48DDD001DEAC7 /* ArchiveLib-macOS Tests.xctest */,
				A352A18421A491D7001DEAC7 /* ArchiveLib.framework */,
			);
			name = Products;
			sourceTree = BUILT_PRODUCTS_DIR;
		};
		OBJ_5 = {
			isa = PBXGroup;
			children = (
				A352A17821A48EC4001DEAC7 /* Configs */,
				OBJ_6 /* Package.swift */,
				OBJ_9 /* Sources */,
				OBJ_20 /* Tests */,
				OBJ_25 /* Products */,
			);
			sourceTree = "<group>";
		};
		OBJ_9 /* Sources */ = {
			isa = PBXGroup;
			children = (
				OBJ_10 /* ArchiveLib */,
			);
			name = Sources;
			sourceTree = SOURCE_ROOT;
		};
/* End PBXGroup section */

/* Begin PBXNativeTarget section */
		A352A15D21A48DC0001DEAC7 /* ArchiveLib-iOS Tests */ = {
			isa = PBXNativeTarget;
			buildConfigurationList = A352A16621A48DC0001DEAC7 /* Build configuration list for PBXNativeTarget "ArchiveLib-iOS Tests" */;
			buildPhases = (
				A352A15A21A48DC0001DEAC7 /* Sources */,
				A352A15B21A48DC0001DEAC7 /* Frameworks */,
				A352A15C21A48DC0001DEAC7 /* Resources */,
			);
			buildRules = (
			);
			dependencies = (
				A306673A21A4A14300378032 /* PBXTargetDependency */,
			);
			name = "ArchiveLib-iOS Tests";
			productName = "ArchiveLib-iOS Test";
			productReference = A352A15E21A48DC0001DEAC7 /* ArchiveLib-iOS Tests.xctest */;
			productType = "com.apple.product-type.bundle.unit-test";
		};
		A352A16C21A48DDD001DEAC7 /* ArchiveLib-macOS Tests */ = {
			isa = PBXNativeTarget;
			buildConfigurationList = A352A17521A48DDD001DEAC7 /* Build configuration list for PBXNativeTarget "ArchiveLib-macOS Tests" */;
			buildPhases = (
				A352A16921A48DDD001DEAC7 /* Sources */,
				A352A16A21A48DDD001DEAC7 /* Frameworks */,
				A352A16B21A48DDD001DEAC7 /* Resources */,
				A3F3DAC821B1D9E50004EFF6 /* ShellScript */,
			);
			buildRules = (
			);
			dependencies = (
				A352A17421A48DDD001DEAC7 /* PBXTargetDependency */,
			);
			name = "ArchiveLib-macOS Tests";
			productName = "ArchiveLib-macOS Tests";
			productReference = A352A16D21A48DDD001DEAC7 /* ArchiveLib-macOS Tests.xctest */;
			productType = "com.apple.product-type.bundle.unit-test";
		};
		A352A18321A491D7001DEAC7 /* ArchiveLib-iOS */ = {
			isa = PBXNativeTarget;
			buildConfigurationList = A352A19521A491D7001DEAC7 /* Build configuration list for PBXNativeTarget "ArchiveLib-iOS" */;
			buildPhases = (
				A352A18021A491D7001DEAC7 /* Sources */,
				A352A18121A491D7001DEAC7 /* Frameworks */,
				A306673521A49EEC00378032 /* SwiftLint */,
			);
			buildRules = (
			);
			dependencies = (
			);
			name = "ArchiveLib-iOS";
			productName = "ArchiveLib-iOS";
			productReference = A352A18421A491D7001DEAC7 /* ArchiveLib.framework */;
			productType = "com.apple.product-type.framework";
		};
		"ArchiveLib::ArchiveLib" /* ArchiveLib-macOS */ = {
			isa = PBXNativeTarget;
			buildConfigurationList = OBJ_29 /* Build configuration list for PBXNativeTarget "ArchiveLib-macOS" */;
			buildPhases = (
				OBJ_32 /* Sources */,
				OBJ_39 /* Frameworks */,
				A3F193EC219CC24500275746 /* SwiftLint */,
			);
			buildRules = (
			);
			dependencies = (
			);
			name = "ArchiveLib-macOS";
			productName = ArchiveLib;
			productReference = "ArchiveLib::ArchiveLib::Product" /* ArchiveLib.framework */;
			productType = "com.apple.product-type.framework";
		};
/* End PBXNativeTarget section */

/* Begin PBXProject section */
		OBJ_1 /* Project object */ = {
			isa = PBXProject;
			attributes = {
				LastSwiftUpdateCheck = 1010;
				LastUpgradeCheck = 1010;
				TargetAttributes = {
					A352A15D21A48DC0001DEAC7 = {
						CreatedOnToolsVersion = 10.1;
						DevelopmentTeam = 87KNVHZ8C7;
						ProvisioningStyle = Automatic;
					};
					A352A16C21A48DDD001DEAC7 = {
						CreatedOnToolsVersion = 10.1;
						DevelopmentTeam = 87KNVHZ8C7;
						ProvisioningStyle = Automatic;
					};
					A352A18321A491D7001DEAC7 = {
						CreatedOnToolsVersion = 10.1;
						ProvisioningStyle = Automatic;
					};
				};
			};
			buildConfigurationList = OBJ_2 /* Build configuration list for PBXProject "ArchiveLib" */;
			compatibilityVersion = "Xcode 3.2";
			developmentRegion = English;
			hasScannedForEncodings = 0;
			knownRegions = (
				en,
			);
			mainGroup = OBJ_5;
			productRefGroup = OBJ_25 /* Products */;
			projectDirPath = "";
			projectRoot = "";
			targets = (
				A352A18321A491D7001DEAC7 /* ArchiveLib-iOS */,
				"ArchiveLib::ArchiveLib" /* ArchiveLib-macOS */,
				A352A15D21A48DC0001DEAC7 /* ArchiveLib-iOS Tests */,
				A352A16C21A48DDD001DEAC7 /* ArchiveLib-macOS Tests */,
			);
		};
/* End PBXProject section */

/* Begin PBXResourcesBuildPhase section */
		A352A15C21A48DC0001DEAC7 /* Resources */ = {
			isa = PBXResourcesBuildPhase;
			buildActionMask = 2147483647;
			files = (
			);
			runOnlyForDeploymentPostprocessing = 0;
		};
		A352A16B21A48DDD001DEAC7 /* Resources */ = {
			isa = PBXResourcesBuildPhase;
			buildActionMask = 2147483647;
			files = (
			);
			runOnlyForDeploymentPostprocessing = 0;
		};
/* End PBXResourcesBuildPhase section */

/* Begin PBXShellScriptBuildPhase section */
		A306673521A49EEC00378032 /* SwiftLint */ = {
			isa = PBXShellScriptBuildPhase;
			buildActionMask = 2147483647;
			files = (
			);
			inputFileListPaths = (
			);
			inputPaths = (
			);
			name = SwiftLint;
			outputFileListPaths = (
			);
			outputPaths = (
			);
			runOnlyForDeploymentPostprocessing = 0;
			shellPath = /bin/sh;
			shellScript = "if which swiftlint > /dev/null; then\n    swiftlint autocorrect\n    swiftlint\nelse\n    echo \"warning: SwiftLint not installed, download from https://github.com/realm/SwiftLint\"\nfi\n";
		};
		A3F193EC219CC24500275746 /* SwiftLint */ = {
			isa = PBXShellScriptBuildPhase;
			buildActionMask = 2147483647;
			files = (
			);
			inputFileListPaths = (
			);
			inputPaths = (
			);
			name = SwiftLint;
			outputFileListPaths = (
			);
			outputPaths = (
			);
			runOnlyForDeploymentPostprocessing = 0;
			shellPath = /bin/sh;
			shellScript = "if which swiftlint > /dev/null; then\n    swiftlint autocorrect\n    swiftlint\nelse\n    echo \"warning: SwiftLint not installed, download from https://github.com/realm/SwiftLint\"\nfi\n";
		};
		A3F3DAC821B1D9E50004EFF6 /* ShellScript */ = {
			isa = PBXShellScriptBuildPhase;
			buildActionMask = 2147483647;
			files = (
			);
			inputFileListPaths = (
			);
			inputPaths = (
			);
			outputFileListPaths = (
			);
			outputPaths = (
			);
			runOnlyForDeploymentPostprocessing = 0;
			shellPath = /bin/sh;
			shellScript = "if which swiftlint > /dev/null; then\nswiftlint autocorrect\nswiftlint\nelse\necho \"warning: SwiftLint not installed, download from https://github.com/realm/SwiftLint\"\nfi\n";
		};
/* End PBXShellScriptBuildPhase section */

/* Begin PBXSourcesBuildPhase section */
		A352A15A21A48DC0001DEAC7 /* Sources */ = {
			isa = PBXSourcesBuildPhase;
			buildActionMask = 2147483647;
			files = (
				A3D6319921B06D3A009FE9C3 /* TagTests.swift in Sources */,
				A3D6319C21B13FDD009FE9C3 /* DocumentTests.swift in Sources */,
				A3D631A621B1C34E009FE9C3 /* StringExtensionTests.swift in Sources */,
				A3D631A021B14A9B009FE9C3 /* DateParserTests.swift in Sources */,
				A306673721A49F6500378032 /* SearchTests.swift in Sources */,
			);
			runOnlyForDeploymentPostprocessing = 0;
		};
		A352A16921A48DDD001DEAC7 /* Sources */ = {
			isa = PBXSourcesBuildPhase;
			buildActionMask = 2147483647;
			files = (
				A3D6319A21B06D40009FE9C3 /* TagTests.swift in Sources */,
				A3D6319D21B13FE6009FE9C3 /* DocumentTests.swift in Sources */,
				A3D631A721B1C34E009FE9C3 /* StringExtensionTests.swift in Sources */,
				A3D631A121B14A9B009FE9C3 /* DateParserTests.swift in Sources */,
				A306673821A49F6500378032 /* SearchTests.swift in Sources */,
			);
			runOnlyForDeploymentPostprocessing = 0;
		};
		A352A18021A491D7001DEAC7 /* Sources */ = {
			isa = PBXSourcesBuildPhase;
			buildActionMask = 2147483647;
			files = (
				A306673F21A4A91800378032 /* StringExtensions.swift in Sources */,
				A306673D21A4A91000378032 /* Tag.swift in Sources */,
				A3F3DAD221B3EE990004EFF6 /* TagManager.swift in Sources */,
				A3F3DACD21B369250004EFF6 /* UrlExtension.swift in Sources */,
				A306673E21A4A91500378032 /* Logging.swift in Sources */,
				A306674121A4A91F00378032 /* Search.swift in Sources */,
				A306674021A4A91B00378032 /* DateParser.swift in Sources */,
				A306673C21A4A90E00378032 /* Document.swift in Sources */,
				A3199FD821C051B600D07553 /* DocumentManager.swift in Sources */,
				A394387421BD4CCF0024E2F6 /* Archive.swift in Sources */,
			);
			runOnlyForDeploymentPostprocessing = 0;
		};
		OBJ_32 /* Sources */ = {
			isa = PBXSourcesBuildPhase;
			buildActionMask = 0;
			files = (
				A352A11A21A481AF001DEAC7 /* DateParser.swift in Sources */,
				OBJ_34 /* Document.swift in Sources */,
				A3F3DAD321B3EE990004EFF6 /* TagManager.swift in Sources */,
				A3F3DACE21B369250004EFF6 /* UrlExtension.swift in Sources */,
				OBJ_35 /* Tag.swift in Sources */,
				OBJ_36 /* Logging.swift in Sources */,
				OBJ_37 /* StringExtensions.swift in Sources */,
				OBJ_38 /* Search.swift in Sources */,
				A3199FD921C051BB00D07553 /* DocumentManager.swift in Sources */,
				A394387521BD4CCF0024E2F6 /* Archive.swift in Sources */,
			);
			runOnlyForDeploymentPostprocessing = 0;
		};
/* End PBXSourcesBuildPhase section */

/* Begin PBXTargetDependency section */
		A306673A21A4A14300378032 /* PBXTargetDependency */ = {
			isa = PBXTargetDependency;
			target = A352A18321A491D7001DEAC7 /* ArchiveLib-iOS */;
			targetProxy = A306673921A4A14300378032 /* PBXContainerItemProxy */;
		};
		A352A17421A48DDD001DEAC7 /* PBXTargetDependency */ = {
			isa = PBXTargetDependency;
			target = "ArchiveLib::ArchiveLib" /* ArchiveLib-macOS */;
			targetProxy = A352A17321A48DDD001DEAC7 /* PBXContainerItemProxy */;
		};
/* End PBXTargetDependency section */

/* Begin XCBuildConfiguration section */
		A352A16721A48DC0001DEAC7 /* Debug */ = {
			isa = XCBuildConfiguration;
			buildSettings = {
				ALWAYS_EMBED_SWIFT_STANDARD_LIBRARIES = YES;
				ALWAYS_SEARCH_USER_PATHS = NO;
				CLANG_ANALYZER_NONNULL = YES;
				CLANG_ANALYZER_NUMBER_OBJECT_CONVERSION = YES_AGGRESSIVE;
				CLANG_CXX_LANGUAGE_STANDARD = "gnu++14";
				CLANG_CXX_LIBRARY = "libc++";
				CLANG_ENABLE_MODULES = YES;
				CLANG_ENABLE_OBJC_WEAK = YES;
				CLANG_WARN_BLOCK_CAPTURE_AUTORELEASING = YES;
				CLANG_WARN_BOOL_CONVERSION = YES;
				CLANG_WARN_COMMA = YES;
				CLANG_WARN_CONSTANT_CONVERSION = YES;
				CLANG_WARN_DEPRECATED_OBJC_IMPLEMENTATIONS = YES;
				CLANG_WARN_DIRECT_OBJC_ISA_USAGE = YES_ERROR;
				CLANG_WARN_DOCUMENTATION_COMMENTS = YES;
				CLANG_WARN_EMPTY_BODY = YES;
				CLANG_WARN_ENUM_CONVERSION = YES;
				CLANG_WARN_INFINITE_RECURSION = YES;
				CLANG_WARN_INT_CONVERSION = YES;
				CLANG_WARN_NON_LITERAL_NULL_CONVERSION = YES;
				CLANG_WARN_OBJC_IMPLICIT_RETAIN_SELF = YES;
				CLANG_WARN_OBJC_LITERAL_CONVERSION = YES;
				CLANG_WARN_OBJC_ROOT_CLASS = YES_ERROR;
				CLANG_WARN_RANGE_LOOP_ANALYSIS = YES;
				CLANG_WARN_STRICT_PROTOTYPES = YES;
				CLANG_WARN_SUSPICIOUS_MOVE = YES;
				CLANG_WARN_UNGUARDED_AVAILABILITY = YES_AGGRESSIVE;
				CLANG_WARN_UNREACHABLE_CODE = YES;
				CLANG_WARN__DUPLICATE_METHOD_MATCH = YES;
				CODE_SIGN_IDENTITY = "iPhone Developer";
				CODE_SIGN_STYLE = Automatic;
				DEVELOPMENT_TEAM = 87KNVHZ8C7;
				ENABLE_STRICT_OBJC_MSGSEND = YES;
				ENABLE_TESTABILITY = YES;
				GCC_C_LANGUAGE_STANDARD = gnu11;
				GCC_DYNAMIC_NO_PIC = NO;
				GCC_NO_COMMON_BLOCKS = YES;
				GCC_WARN_64_TO_32_BIT_CONVERSION = YES;
				GCC_WARN_ABOUT_RETURN_TYPE = YES_ERROR;
				GCC_WARN_UNDECLARED_SELECTOR = YES;
				GCC_WARN_UNINITIALIZED_AUTOS = YES_AGGRESSIVE;
				GCC_WARN_UNUSED_FUNCTION = YES;
				GCC_WARN_UNUSED_VARIABLE = YES;
				INFOPLIST_FILE = Configs/ArchiveLibTests.plist;
				IPHONEOS_DEPLOYMENT_TARGET = 12.1;
				LD_RUNPATH_SEARCH_PATHS = "$(inherited) @executable_path/Frameworks @loader_path/Frameworks";
				MTL_ENABLE_DEBUG_INFO = INCLUDE_SOURCE;
				MTL_FAST_MATH = YES;
				PRODUCT_BUNDLE_IDENTIFIER = "de.juliankahnert.ArchiveLib-iOS-Test";
				PRODUCT_NAME = "$(TARGET_NAME)";
				SDKROOT = iphoneos;
				SWIFT_ACTIVE_COMPILATION_CONDITIONS = DEBUG;
				SWIFT_VERSION = 4.2;
				TARGETED_DEVICE_FAMILY = "1,2";
			};
			name = Debug;
		};
		A352A16821A48DC0001DEAC7 /* Release */ = {
			isa = XCBuildConfiguration;
			buildSettings = {
				ALWAYS_EMBED_SWIFT_STANDARD_LIBRARIES = YES;
				ALWAYS_SEARCH_USER_PATHS = NO;
				CLANG_ANALYZER_NONNULL = YES;
				CLANG_ANALYZER_NUMBER_OBJECT_CONVERSION = YES_AGGRESSIVE;
				CLANG_CXX_LANGUAGE_STANDARD = "gnu++14";
				CLANG_CXX_LIBRARY = "libc++";
				CLANG_ENABLE_MODULES = YES;
				CLANG_ENABLE_OBJC_WEAK = YES;
				CLANG_WARN_BLOCK_CAPTURE_AUTORELEASING = YES;
				CLANG_WARN_BOOL_CONVERSION = YES;
				CLANG_WARN_COMMA = YES;
				CLANG_WARN_CONSTANT_CONVERSION = YES;
				CLANG_WARN_DEPRECATED_OBJC_IMPLEMENTATIONS = YES;
				CLANG_WARN_DIRECT_OBJC_ISA_USAGE = YES_ERROR;
				CLANG_WARN_DOCUMENTATION_COMMENTS = YES;
				CLANG_WARN_EMPTY_BODY = YES;
				CLANG_WARN_ENUM_CONVERSION = YES;
				CLANG_WARN_INFINITE_RECURSION = YES;
				CLANG_WARN_INT_CONVERSION = YES;
				CLANG_WARN_NON_LITERAL_NULL_CONVERSION = YES;
				CLANG_WARN_OBJC_IMPLICIT_RETAIN_SELF = YES;
				CLANG_WARN_OBJC_LITERAL_CONVERSION = YES;
				CLANG_WARN_OBJC_ROOT_CLASS = YES_ERROR;
				CLANG_WARN_RANGE_LOOP_ANALYSIS = YES;
				CLANG_WARN_STRICT_PROTOTYPES = YES;
				CLANG_WARN_SUSPICIOUS_MOVE = YES;
				CLANG_WARN_UNGUARDED_AVAILABILITY = YES_AGGRESSIVE;
				CLANG_WARN_UNREACHABLE_CODE = YES;
				CLANG_WARN__DUPLICATE_METHOD_MATCH = YES;
				CODE_SIGN_IDENTITY = "iPhone Developer";
				CODE_SIGN_STYLE = Automatic;
				COPY_PHASE_STRIP = NO;
				DEVELOPMENT_TEAM = 87KNVHZ8C7;
				ENABLE_NS_ASSERTIONS = NO;
				ENABLE_STRICT_OBJC_MSGSEND = YES;
				GCC_C_LANGUAGE_STANDARD = gnu11;
				GCC_NO_COMMON_BLOCKS = YES;
				GCC_WARN_64_TO_32_BIT_CONVERSION = YES;
				GCC_WARN_ABOUT_RETURN_TYPE = YES_ERROR;
				GCC_WARN_UNDECLARED_SELECTOR = YES;
				GCC_WARN_UNINITIALIZED_AUTOS = YES_AGGRESSIVE;
				GCC_WARN_UNUSED_FUNCTION = YES;
				GCC_WARN_UNUSED_VARIABLE = YES;
				INFOPLIST_FILE = Configs/ArchiveLibTests.plist;
				IPHONEOS_DEPLOYMENT_TARGET = 12.1;
				LD_RUNPATH_SEARCH_PATHS = "$(inherited) @executable_path/Frameworks @loader_path/Frameworks";
				MTL_ENABLE_DEBUG_INFO = NO;
				MTL_FAST_MATH = YES;
				PRODUCT_BUNDLE_IDENTIFIER = "de.juliankahnert.ArchiveLib-iOS-Test";
				PRODUCT_NAME = "$(TARGET_NAME)";
				SDKROOT = iphoneos;
				SWIFT_VERSION = 4.2;
				TARGETED_DEVICE_FAMILY = "1,2";
				VALIDATE_PRODUCT = YES;
			};
			name = Release;
		};
		A352A17621A48DDD001DEAC7 /* Debug */ = {
			isa = XCBuildConfiguration;
			buildSettings = {
				ALWAYS_SEARCH_USER_PATHS = NO;
				CLANG_ANALYZER_NONNULL = YES;
				CLANG_ANALYZER_NUMBER_OBJECT_CONVERSION = YES_AGGRESSIVE;
				CLANG_CXX_LANGUAGE_STANDARD = "gnu++14";
				CLANG_CXX_LIBRARY = "libc++";
				CLANG_ENABLE_MODULES = YES;
				CLANG_ENABLE_OBJC_WEAK = YES;
				CLANG_WARN_BLOCK_CAPTURE_AUTORELEASING = YES;
				CLANG_WARN_BOOL_CONVERSION = YES;
				CLANG_WARN_COMMA = YES;
				CLANG_WARN_CONSTANT_CONVERSION = YES;
				CLANG_WARN_DEPRECATED_OBJC_IMPLEMENTATIONS = YES;
				CLANG_WARN_DIRECT_OBJC_ISA_USAGE = YES_ERROR;
				CLANG_WARN_DOCUMENTATION_COMMENTS = YES;
				CLANG_WARN_EMPTY_BODY = YES;
				CLANG_WARN_ENUM_CONVERSION = YES;
				CLANG_WARN_INFINITE_RECURSION = YES;
				CLANG_WARN_INT_CONVERSION = YES;
				CLANG_WARN_NON_LITERAL_NULL_CONVERSION = YES;
				CLANG_WARN_OBJC_IMPLICIT_RETAIN_SELF = YES;
				CLANG_WARN_OBJC_LITERAL_CONVERSION = YES;
				CLANG_WARN_OBJC_ROOT_CLASS = YES_ERROR;
				CLANG_WARN_RANGE_LOOP_ANALYSIS = YES;
				CLANG_WARN_STRICT_PROTOTYPES = YES;
				CLANG_WARN_SUSPICIOUS_MOVE = YES;
				CLANG_WARN_UNGUARDED_AVAILABILITY = YES_AGGRESSIVE;
				CLANG_WARN_UNREACHABLE_CODE = YES;
				CLANG_WARN__DUPLICATE_METHOD_MATCH = YES;
				CODE_SIGN_IDENTITY = "Mac Developer";
				CODE_SIGN_STYLE = Automatic;
				COMBINE_HIDPI_IMAGES = YES;
				DEVELOPMENT_TEAM = 87KNVHZ8C7;
				ENABLE_STRICT_OBJC_MSGSEND = YES;
				ENABLE_TESTABILITY = YES;
				GCC_C_LANGUAGE_STANDARD = gnu11;
				GCC_DYNAMIC_NO_PIC = NO;
				GCC_NO_COMMON_BLOCKS = YES;
				GCC_WARN_64_TO_32_BIT_CONVERSION = YES;
				GCC_WARN_ABOUT_RETURN_TYPE = YES_ERROR;
				GCC_WARN_UNDECLARED_SELECTOR = YES;
				GCC_WARN_UNINITIALIZED_AUTOS = YES_AGGRESSIVE;
				GCC_WARN_UNUSED_FUNCTION = YES;
				GCC_WARN_UNUSED_VARIABLE = YES;
				INFOPLIST_FILE = Configs/ArchiveLibTests.plist;
				LD_RUNPATH_SEARCH_PATHS = "$(inherited) @executable_path/../Frameworks @loader_path/../Frameworks";
				MACOSX_DEPLOYMENT_TARGET = 10.14;
				MTL_ENABLE_DEBUG_INFO = INCLUDE_SOURCE;
				MTL_FAST_MATH = YES;
				PRODUCT_BUNDLE_IDENTIFIER = "de.juliankahnert.ArchiveLib-macOS-Tests";
				PRODUCT_NAME = "$(TARGET_NAME)";
				SWIFT_ACTIVE_COMPILATION_CONDITIONS = DEBUG;
				SWIFT_VERSION = 4.2;
			};
			name = Debug;
		};
		A352A17721A48DDD001DEAC7 /* Release */ = {
			isa = XCBuildConfiguration;
			buildSettings = {
				ALWAYS_SEARCH_USER_PATHS = NO;
				CLANG_ANALYZER_NONNULL = YES;
				CLANG_ANALYZER_NUMBER_OBJECT_CONVERSION = YES_AGGRESSIVE;
				CLANG_CXX_LANGUAGE_STANDARD = "gnu++14";
				CLANG_CXX_LIBRARY = "libc++";
				CLANG_ENABLE_MODULES = YES;
				CLANG_ENABLE_OBJC_WEAK = YES;
				CLANG_WARN_BLOCK_CAPTURE_AUTORELEASING = YES;
				CLANG_WARN_BOOL_CONVERSION = YES;
				CLANG_WARN_COMMA = YES;
				CLANG_WARN_CONSTANT_CONVERSION = YES;
				CLANG_WARN_DEPRECATED_OBJC_IMPLEMENTATIONS = YES;
				CLANG_WARN_DIRECT_OBJC_ISA_USAGE = YES_ERROR;
				CLANG_WARN_DOCUMENTATION_COMMENTS = YES;
				CLANG_WARN_EMPTY_BODY = YES;
				CLANG_WARN_ENUM_CONVERSION = YES;
				CLANG_WARN_INFINITE_RECURSION = YES;
				CLANG_WARN_INT_CONVERSION = YES;
				CLANG_WARN_NON_LITERAL_NULL_CONVERSION = YES;
				CLANG_WARN_OBJC_IMPLICIT_RETAIN_SELF = YES;
				CLANG_WARN_OBJC_LITERAL_CONVERSION = YES;
				CLANG_WARN_OBJC_ROOT_CLASS = YES_ERROR;
				CLANG_WARN_RANGE_LOOP_ANALYSIS = YES;
				CLANG_WARN_STRICT_PROTOTYPES = YES;
				CLANG_WARN_SUSPICIOUS_MOVE = YES;
				CLANG_WARN_UNGUARDED_AVAILABILITY = YES_AGGRESSIVE;
				CLANG_WARN_UNREACHABLE_CODE = YES;
				CLANG_WARN__DUPLICATE_METHOD_MATCH = YES;
				CODE_SIGN_IDENTITY = "Mac Developer";
				CODE_SIGN_STYLE = Automatic;
				COMBINE_HIDPI_IMAGES = YES;
				COPY_PHASE_STRIP = NO;
				DEVELOPMENT_TEAM = 87KNVHZ8C7;
				ENABLE_NS_ASSERTIONS = NO;
				ENABLE_STRICT_OBJC_MSGSEND = YES;
				GCC_C_LANGUAGE_STANDARD = gnu11;
				GCC_NO_COMMON_BLOCKS = YES;
				GCC_WARN_64_TO_32_BIT_CONVERSION = YES;
				GCC_WARN_ABOUT_RETURN_TYPE = YES_ERROR;
				GCC_WARN_UNDECLARED_SELECTOR = YES;
				GCC_WARN_UNINITIALIZED_AUTOS = YES_AGGRESSIVE;
				GCC_WARN_UNUSED_FUNCTION = YES;
				GCC_WARN_UNUSED_VARIABLE = YES;
				INFOPLIST_FILE = Configs/ArchiveLibTests.plist;
				LD_RUNPATH_SEARCH_PATHS = "$(inherited) @executable_path/../Frameworks @loader_path/../Frameworks";
				MACOSX_DEPLOYMENT_TARGET = 10.14;
				MTL_ENABLE_DEBUG_INFO = NO;
				MTL_FAST_MATH = YES;
				PRODUCT_BUNDLE_IDENTIFIER = "de.juliankahnert.ArchiveLib-macOS-Tests";
				PRODUCT_NAME = "$(TARGET_NAME)";
				SWIFT_VERSION = 4.2;
			};
			name = Release;
		};
		A352A19621A491D7001DEAC7 /* Debug */ = {
			isa = XCBuildConfiguration;
			buildSettings = {
				ALWAYS_SEARCH_USER_PATHS = NO;
				APPLICATION_EXTENSION_API_ONLY = YES;
				CLANG_ANALYZER_NONNULL = YES;
				CLANG_ANALYZER_NUMBER_OBJECT_CONVERSION = YES_AGGRESSIVE;
				CLANG_CXX_LANGUAGE_STANDARD = "gnu++14";
				CLANG_CXX_LIBRARY = "libc++";
				CLANG_ENABLE_MODULES = YES;
				CLANG_ENABLE_OBJC_WEAK = YES;
				CLANG_WARN_BLOCK_CAPTURE_AUTORELEASING = YES;
				CLANG_WARN_BOOL_CONVERSION = YES;
				CLANG_WARN_COMMA = YES;
				CLANG_WARN_CONSTANT_CONVERSION = YES;
				CLANG_WARN_DEPRECATED_OBJC_IMPLEMENTATIONS = YES;
				CLANG_WARN_DIRECT_OBJC_ISA_USAGE = YES_ERROR;
				CLANG_WARN_DOCUMENTATION_COMMENTS = YES;
				CLANG_WARN_EMPTY_BODY = YES;
				CLANG_WARN_ENUM_CONVERSION = YES;
				CLANG_WARN_INFINITE_RECURSION = YES;
				CLANG_WARN_INT_CONVERSION = YES;
				CLANG_WARN_NON_LITERAL_NULL_CONVERSION = YES;
				CLANG_WARN_OBJC_IMPLICIT_RETAIN_SELF = YES;
				CLANG_WARN_OBJC_LITERAL_CONVERSION = YES;
				CLANG_WARN_OBJC_ROOT_CLASS = YES_ERROR;
				CLANG_WARN_RANGE_LOOP_ANALYSIS = YES;
				CLANG_WARN_STRICT_PROTOTYPES = YES;
				CLANG_WARN_SUSPICIOUS_MOVE = YES;
				CLANG_WARN_UNGUARDED_AVAILABILITY = YES_AGGRESSIVE;
				CLANG_WARN_UNREACHABLE_CODE = YES;
				CLANG_WARN__DUPLICATE_METHOD_MATCH = YES;
				CODE_SIGN_IDENTITY = "";
				CODE_SIGN_STYLE = Automatic;
				CURRENT_PROJECT_VERSION = 1;
				DEFINES_MODULE = YES;
				DEVELOPMENT_TEAM = "";
				DYLIB_COMPATIBILITY_VERSION = 1;
				DYLIB_CURRENT_VERSION = 1;
				DYLIB_INSTALL_NAME_BASE = "@rpath";
				ENABLE_STRICT_OBJC_MSGSEND = YES;
				ENABLE_TESTABILITY = YES;
				GCC_C_LANGUAGE_STANDARD = gnu11;
				GCC_DYNAMIC_NO_PIC = NO;
				GCC_NO_COMMON_BLOCKS = YES;
				GCC_WARN_64_TO_32_BIT_CONVERSION = YES;
				GCC_WARN_ABOUT_RETURN_TYPE = YES_ERROR;
				GCC_WARN_UNDECLARED_SELECTOR = YES;
				GCC_WARN_UNINITIALIZED_AUTOS = YES_AGGRESSIVE;
				GCC_WARN_UNUSED_FUNCTION = YES;
				GCC_WARN_UNUSED_VARIABLE = YES;
				INFOPLIST_FILE = Configs/ArchiveLib.plist;
				INSTALL_PATH = "$(LOCAL_LIBRARY_DIR)/Frameworks";
				IPHONEOS_DEPLOYMENT_TARGET = 11.0;
				LD_RUNPATH_SEARCH_PATHS = "$(inherited) @executable_path/Frameworks @loader_path/Frameworks";
				MTL_ENABLE_DEBUG_INFO = INCLUDE_SOURCE;
				MTL_FAST_MATH = YES;
				ONLY_ACTIVE_ARCH = YES;
				PRODUCT_BUNDLE_IDENTIFIER = "de.juliankahnert.ArchiveLib-iOS";
				PRODUCT_NAME = ArchiveLib;
				PROVISIONING_PROFILE_SPECIFIER = "";
				SDKROOT = iphoneos;
				SKIP_INSTALL = YES;
				SUPPORTED_PLATFORMS = "iphonesimulator iphoneos";
				SWIFT_ACTIVE_COMPILATION_CONDITIONS = DEBUG;
				SWIFT_VERSION = 4.2;
				TARGETED_DEVICE_FAMILY = "1,2";
				VERSIONING_SYSTEM = "apple-generic";
				VERSION_INFO_PREFIX = "";
			};
			name = Debug;
		};
		A352A19721A491D7001DEAC7 /* Release */ = {
			isa = XCBuildConfiguration;
			buildSettings = {
				ALWAYS_SEARCH_USER_PATHS = NO;
				APPLICATION_EXTENSION_API_ONLY = YES;
				CLANG_ANALYZER_NONNULL = YES;
				CLANG_ANALYZER_NUMBER_OBJECT_CONVERSION = YES_AGGRESSIVE;
				CLANG_CXX_LANGUAGE_STANDARD = "gnu++14";
				CLANG_CXX_LIBRARY = "libc++";
				CLANG_ENABLE_MODULES = YES;
				CLANG_ENABLE_OBJC_WEAK = YES;
				CLANG_WARN_BLOCK_CAPTURE_AUTORELEASING = YES;
				CLANG_WARN_BOOL_CONVERSION = YES;
				CLANG_WARN_COMMA = YES;
				CLANG_WARN_CONSTANT_CONVERSION = YES;
				CLANG_WARN_DEPRECATED_OBJC_IMPLEMENTATIONS = YES;
				CLANG_WARN_DIRECT_OBJC_ISA_USAGE = YES_ERROR;
				CLANG_WARN_DOCUMENTATION_COMMENTS = YES;
				CLANG_WARN_EMPTY_BODY = YES;
				CLANG_WARN_ENUM_CONVERSION = YES;
				CLANG_WARN_INFINITE_RECURSION = YES;
				CLANG_WARN_INT_CONVERSION = YES;
				CLANG_WARN_NON_LITERAL_NULL_CONVERSION = YES;
				CLANG_WARN_OBJC_IMPLICIT_RETAIN_SELF = YES;
				CLANG_WARN_OBJC_LITERAL_CONVERSION = YES;
				CLANG_WARN_OBJC_ROOT_CLASS = YES_ERROR;
				CLANG_WARN_RANGE_LOOP_ANALYSIS = YES;
				CLANG_WARN_STRICT_PROTOTYPES = YES;
				CLANG_WARN_SUSPICIOUS_MOVE = YES;
				CLANG_WARN_UNGUARDED_AVAILABILITY = YES_AGGRESSIVE;
				CLANG_WARN_UNREACHABLE_CODE = YES;
				CLANG_WARN__DUPLICATE_METHOD_MATCH = YES;
				CODE_SIGN_IDENTITY = "";
				"CODE_SIGN_IDENTITY[sdk=iphoneos*]" = "";
				CODE_SIGN_STYLE = Automatic;
				COPY_PHASE_STRIP = NO;
				CURRENT_PROJECT_VERSION = 1;
				DEFINES_MODULE = YES;
				DEVELOPMENT_TEAM = "";
				DYLIB_COMPATIBILITY_VERSION = 1;
				DYLIB_CURRENT_VERSION = 1;
				DYLIB_INSTALL_NAME_BASE = "@rpath";
				ENABLE_NS_ASSERTIONS = NO;
				ENABLE_STRICT_OBJC_MSGSEND = YES;
				GCC_C_LANGUAGE_STANDARD = gnu11;
				GCC_NO_COMMON_BLOCKS = YES;
				GCC_WARN_64_TO_32_BIT_CONVERSION = YES;
				GCC_WARN_ABOUT_RETURN_TYPE = YES_ERROR;
				GCC_WARN_UNDECLARED_SELECTOR = YES;
				GCC_WARN_UNINITIALIZED_AUTOS = YES_AGGRESSIVE;
				GCC_WARN_UNUSED_FUNCTION = YES;
				GCC_WARN_UNUSED_VARIABLE = YES;
				INFOPLIST_FILE = Configs/ArchiveLib.plist;
				INSTALL_PATH = "$(LOCAL_LIBRARY_DIR)/Frameworks";
				IPHONEOS_DEPLOYMENT_TARGET = 11.0;
				LD_RUNPATH_SEARCH_PATHS = "$(inherited) @executable_path/Frameworks @loader_path/Frameworks";
				MTL_ENABLE_DEBUG_INFO = NO;
				MTL_FAST_MATH = YES;
				ONLY_ACTIVE_ARCH = NO;
				PRODUCT_BUNDLE_IDENTIFIER = "de.juliankahnert.ArchiveLib-iOS";
				PRODUCT_NAME = ArchiveLib;
				PROVISIONING_PROFILE_SPECIFIER = "";
				SDKROOT = iphoneos;
				SKIP_INSTALL = YES;
				SUPPORTED_PLATFORMS = "iphonesimulator iphoneos";
				SWIFT_VERSION = 4.2;
				TARGETED_DEVICE_FAMILY = "1,2";
				VALIDATE_PRODUCT = YES;
				VERSIONING_SYSTEM = "apple-generic";
				VERSION_INFO_PREFIX = "";
			};
			name = Release;
		};
		OBJ_3 /* Debug */ = {
			isa = XCBuildConfiguration;
			buildSettings = {
				CLANG_ENABLE_OBJC_ARC = YES;
				CLANG_WARN_BLOCK_CAPTURE_AUTORELEASING = YES;
				CLANG_WARN_BOOL_CONVERSION = YES;
				CLANG_WARN_COMMA = YES;
				CLANG_WARN_CONSTANT_CONVERSION = YES;
				CLANG_WARN_DEPRECATED_OBJC_IMPLEMENTATIONS = YES;
				CLANG_WARN_EMPTY_BODY = YES;
				CLANG_WARN_ENUM_CONVERSION = YES;
				CLANG_WARN_INFINITE_RECURSION = YES;
				CLANG_WARN_INT_CONVERSION = YES;
				CLANG_WARN_NON_LITERAL_NULL_CONVERSION = YES;
				CLANG_WARN_OBJC_IMPLICIT_RETAIN_SELF = YES;
				CLANG_WARN_OBJC_LITERAL_CONVERSION = YES;
				CLANG_WARN_RANGE_LOOP_ANALYSIS = YES;
				CLANG_WARN_STRICT_PROTOTYPES = YES;
				CLANG_WARN_SUSPICIOUS_MOVE = YES;
				CLANG_WARN_UNREACHABLE_CODE = YES;
				CLANG_WARN__DUPLICATE_METHOD_MATCH = YES;
				"CODE_SIGN_IDENTITY[sdk=iphoneos*]" = "";
				COMBINE_HIDPI_IMAGES = YES;
				COPY_PHASE_STRIP = NO;
				DEBUG_INFORMATION_FORMAT = dwarf;
				DYLIB_INSTALL_NAME_BASE = "@rpath";
				ENABLE_NS_ASSERTIONS = YES;
				ENABLE_STRICT_OBJC_MSGSEND = YES;
				ENABLE_TESTABILITY = YES;
				GCC_NO_COMMON_BLOCKS = YES;
				GCC_OPTIMIZATION_LEVEL = 0;
				GCC_PREPROCESSOR_DEFINITIONS = (
					"DEBUG=1",
					"$(inherited)",
				);
				GCC_WARN_64_TO_32_BIT_CONVERSION = YES;
				GCC_WARN_ABOUT_RETURN_TYPE = YES;
				GCC_WARN_UNDECLARED_SELECTOR = YES;
				GCC_WARN_UNINITIALIZED_AUTOS = YES;
				GCC_WARN_UNUSED_FUNCTION = YES;
				GCC_WARN_UNUSED_VARIABLE = YES;
				MACOSX_DEPLOYMENT_TARGET = 10.10;
				ONLY_ACTIVE_ARCH = YES;
				OTHER_SWIFT_FLAGS = "-DXcode";
				PRODUCT_NAME = "$(TARGET_NAME)";
				SDKROOT = macosx;
				SUPPORTED_PLATFORMS = "macosx iphoneos iphonesimulator appletvos appletvsimulator watchos watchsimulator";
				SWIFT_ACTIVE_COMPILATION_CONDITIONS = "SWIFT_PACKAGE DEBUG";
				SWIFT_OPTIMIZATION_LEVEL = "-Onone";
				USE_HEADERMAP = NO;
			};
			name = Debug;
		};
		OBJ_30 /* Debug */ = {
			isa = XCBuildConfiguration;
			baseConfigurationReference = OBJ_8 /* Package.xcconfig */;
			buildSettings = {
				APPLICATION_EXTENSION_API_ONLY = YES;
				CODE_SIGN_IDENTITY = "-";
				ENABLE_TESTABILITY = YES;
				FRAMEWORK_SEARCH_PATHS = (
					"$(inherited)",
					"$(PLATFORM_DIR)/Developer/Library/Frameworks",
				);
				HEADER_SEARCH_PATHS = "$(inherited)";
				INFOPLIST_FILE = Configs/ArchiveLib.plist;
				LD_RUNPATH_SEARCH_PATHS = "$(inherited) $(TOOLCHAIN_DIR)/usr/lib/swift/macosx";
				MACOSX_DEPLOYMENT_TARGET = 10.12;
				OTHER_CFLAGS = "$(inherited)";
				OTHER_LDFLAGS = "$(inherited)";
				OTHER_SWIFT_FLAGS = "$(inherited)";
				PRODUCT_BUNDLE_IDENTIFIER = "de.juliankahnert.ArchiveLib-macOS";
				PRODUCT_MODULE_NAME = "$(TARGET_NAME:c99extidentifier)";
				PRODUCT_NAME = ArchiveLib;
				SKIP_INSTALL = YES;
				SUPPORTED_PLATFORMS = macosx;
				SWIFT_ACTIVE_COMPILATION_CONDITIONS = "$(inherited)";
				SWIFT_VERSION = 4.2;
				TARGET_NAME = ArchiveLib;
			};
			name = Debug;
		};
		OBJ_31 /* Release */ = {
			isa = XCBuildConfiguration;
			baseConfigurationReference = OBJ_8 /* Package.xcconfig */;
			buildSettings = {
				APPLICATION_EXTENSION_API_ONLY = YES;
				CODE_SIGN_IDENTITY = "-";
				"CODE_SIGN_IDENTITY[sdk=macosx*]" = "-";
				ENABLE_TESTABILITY = YES;
				FRAMEWORK_SEARCH_PATHS = (
					"$(inherited)",
					"$(PLATFORM_DIR)/Developer/Library/Frameworks",
				);
				HEADER_SEARCH_PATHS = "$(inherited)";
				INFOPLIST_FILE = Configs/ArchiveLib.plist;
				LD_RUNPATH_SEARCH_PATHS = "$(inherited) $(TOOLCHAIN_DIR)/usr/lib/swift/macosx";
				MACOSX_DEPLOYMENT_TARGET = 10.12;
				OTHER_CFLAGS = "$(inherited)";
				OTHER_LDFLAGS = "$(inherited)";
				OTHER_SWIFT_FLAGS = "$(inherited)";
				PRODUCT_BUNDLE_IDENTIFIER = "de.juliankahnert.ArchiveLib-macOS";
				PRODUCT_MODULE_NAME = "$(TARGET_NAME:c99extidentifier)";
				PRODUCT_NAME = ArchiveLib;
				SKIP_INSTALL = YES;
				SUPPORTED_PLATFORMS = macosx;
				SWIFT_ACTIVE_COMPILATION_CONDITIONS = "$(inherited)";
				SWIFT_VERSION = 4.2;
				TARGET_NAME = ArchiveLib;
			};
			name = Release;
		};
		OBJ_4 /* Release */ = {
			isa = XCBuildConfiguration;
			buildSettings = {
				CLANG_ENABLE_OBJC_ARC = YES;
				CLANG_WARN_BLOCK_CAPTURE_AUTORELEASING = YES;
				CLANG_WARN_BOOL_CONVERSION = YES;
				CLANG_WARN_COMMA = YES;
				CLANG_WARN_CONSTANT_CONVERSION = YES;
				CLANG_WARN_DEPRECATED_OBJC_IMPLEMENTATIONS = YES;
				CLANG_WARN_EMPTY_BODY = YES;
				CLANG_WARN_ENUM_CONVERSION = YES;
				CLANG_WARN_INFINITE_RECURSION = YES;
				CLANG_WARN_INT_CONVERSION = YES;
				CLANG_WARN_NON_LITERAL_NULL_CONVERSION = YES;
				CLANG_WARN_OBJC_IMPLICIT_RETAIN_SELF = YES;
				CLANG_WARN_OBJC_LITERAL_CONVERSION = YES;
				CLANG_WARN_RANGE_LOOP_ANALYSIS = YES;
				CLANG_WARN_STRICT_PROTOTYPES = YES;
				CLANG_WARN_SUSPICIOUS_MOVE = YES;
				CLANG_WARN_UNREACHABLE_CODE = YES;
				CLANG_WARN__DUPLICATE_METHOD_MATCH = YES;
				COMBINE_HIDPI_IMAGES = YES;
				COPY_PHASE_STRIP = YES;
				DEBUG_INFORMATION_FORMAT = "dwarf-with-dsym";
				DYLIB_INSTALL_NAME_BASE = "@rpath";
				ENABLE_STRICT_OBJC_MSGSEND = YES;
				GCC_NO_COMMON_BLOCKS = YES;
				GCC_OPTIMIZATION_LEVEL = s;
				GCC_WARN_64_TO_32_BIT_CONVERSION = YES;
				GCC_WARN_ABOUT_RETURN_TYPE = YES;
				GCC_WARN_UNDECLARED_SELECTOR = YES;
				GCC_WARN_UNINITIALIZED_AUTOS = YES;
				GCC_WARN_UNUSED_FUNCTION = YES;
				GCC_WARN_UNUSED_VARIABLE = YES;
				MACOSX_DEPLOYMENT_TARGET = 10.10;
				OTHER_SWIFT_FLAGS = "-DXcode";
				PRODUCT_NAME = "$(TARGET_NAME)";
				SDKROOT = macosx;
				SUPPORTED_PLATFORMS = "macosx iphoneos iphonesimulator appletvos appletvsimulator watchos watchsimulator";
				SWIFT_ACTIVE_COMPILATION_CONDITIONS = SWIFT_PACKAGE;
				SWIFT_OPTIMIZATION_LEVEL = "-Owholemodule";
				USE_HEADERMAP = NO;
			};
			name = Release;
		};
/* End XCBuildConfiguration section */

/* Begin XCConfigurationList section */
		A352A16621A48DC0001DEAC7 /* Build configuration list for PBXNativeTarget "ArchiveLib-iOS Tests" */ = {
			isa = XCConfigurationList;
			buildConfigurations = (
				A352A16721A48DC0001DEAC7 /* Debug */,
				A352A16821A48DC0001DEAC7 /* Release */,
			);
			defaultConfigurationIsVisible = 0;
			defaultConfigurationName = Release;
		};
		A352A17521A48DDD001DEAC7 /* Build configuration list for PBXNativeTarget "ArchiveLib-macOS Tests" */ = {
			isa = XCConfigurationList;
			buildConfigurations = (
				A352A17621A48DDD001DEAC7 /* Debug */,
				A352A17721A48DDD001DEAC7 /* Release */,
			);
			defaultConfigurationIsVisible = 0;
			defaultConfigurationName = Release;
		};
		A352A19521A491D7001DEAC7 /* Build configuration list for PBXNativeTarget "ArchiveLib-iOS" */ = {
			isa = XCConfigurationList;
			buildConfigurations = (
				A352A19621A491D7001DEAC7 /* Debug */,
				A352A19721A491D7001DEAC7 /* Release */,
			);
			defaultConfigurationIsVisible = 0;
			defaultConfigurationName = Release;
		};
		OBJ_2 /* Build configuration list for PBXProject "ArchiveLib" */ = {
			isa = XCConfigurationList;
			buildConfigurations = (
				OBJ_3 /* Debug */,
				OBJ_4 /* Release */,
			);
			defaultConfigurationIsVisible = 0;
			defaultConfigurationName = Release;
		};
		OBJ_29 /* Build configuration list for PBXNativeTarget "ArchiveLib-macOS" */ = {
			isa = XCConfigurationList;
			buildConfigurations = (
				OBJ_30 /* Debug */,
				OBJ_31 /* Release */,
			);
			defaultConfigurationIsVisible = 0;
			defaultConfigurationName = Release;
		};
/* End XCConfigurationList section */
	};
	rootObject = OBJ_1 /* Project object */;
}
